
Microsoft Visual Studio Solution File, Format Version 12.00
Project("{FAE04EC0-301F-11D3-BF4B-00C04F79EFBC}") = "McpServices", "src\McpServices\McpServices.csproj", "{1D8A43EE-903E-49B4-A894-AD1BC5A55879}"
EndProject
Project("{2150E333-8FDC-42A3-9474-1A3956D46DE8}") = "tests", "tests", "{17917DA5-69F6-4BA1-A53F-12F21BA00024}"
EndProject
Project("{FAE04EC0-301F-11D3-BF4B-00C04F79EFBC}") = "McpServices.Tests", "tests\McpServices.Tests\McpServices.Tests.csproj", "{06D95C80-94E4-45AC-BC86-20B5BF45F088}"
EndProject
Project("{FAE04EC0-301F-11D3-BF4B-00C04F79EFBC}") = "McpServices.Resources", "src\McpServices.Resources\McpServices.Resources.csproj", "{2A1A0096-D057-4082-B004-F534953C7325}"
EndProject
Global
	GlobalSection(SolutionConfigurationPlatforms) = preSolution
		Debug|Any CPU = Debug|Any CPU
		Release|Any CPU = Release|Any CPU
		DebugL|Any CPU = DebugL|Any CPU
	EndGlobalSection
	GlobalSection(ProjectConfigurationPlatforms) = postSolution
		{1D8A43EE-903E-49B4-A894-AD1BC5A55879}.Debug|Any CPU.ActiveCfg = Debug|Any CPU
		{1D8A43EE-903E-49B4-A894-AD1BC5A55879}.Debug|Any CPU.Build.0 = Debug|Any CPU
		{1D8A43EE-903E-49B4-A894-AD1BC5A55879}.Release|Any CPU.ActiveCfg = Release|Any CPU
		{1D8A43EE-903E-49B4-A894-AD1BC5A55879}.Release|Any CPU.Build.0 = Release|Any CPU
		{1D8A43EE-903E-49B4-A894-AD1BC5A55879}.DebugL|Any CPU.ActiveCfg = DebugL|Any CPU
		{1D8A43EE-903E-49B4-A894-AD1BC5A55879}.DebugL|Any CPU.Build.0 = DebugL|Any CPU
		{06D95C80-94E4-45AC-BC86-20B5BF45F088}.Debug|Any CPU.ActiveCfg = Debug|Any CPU
		{06D95C80-94E4-45AC-BC86-20B5BF45F088}.Debug|Any CPU.Build.0 = Debug|Any CPU
		{06D95C80-94E4-45AC-BC86-20B5BF45F088}.Release|Any CPU.ActiveCfg = Release|Any CPU
		{06D95C80-94E4-45AC-BC86-20B5BF45F088}.Release|Any CPU.Build.0 = Release|Any CPU
		{06D95C80-94E4-45AC-BC86-20B5BF45F088}.DebugL|Any CPU.ActiveCfg = DebugL|Any CPU
		{06D95C80-94E4-45AC-BC86-20B5BF45F088}.DebugL|Any CPU.Build.0 = DebugL|Any CPU
		{2A1A0096-D057-4082-B004-F534953C7325}.Debug|Any CPU.ActiveCfg = Debug|Any CPU
		{2A1A0096-D057-4082-B004-F534953C7325}.Debug|Any CPU.Build.0 = Debug|Any CPU
		{2A1A0096-D057-4082-B004-F534953C7325}.Release|Any CPU.ActiveCfg = Release|Any CPU
		{2A1A0096-D057-4082-B004-F534953C7325}.Release|Any CPU.Build.0 = Release|Any CPU
		{2A1A0096-D057-4082-B004-F534953C7325}.DebugL|Any CPU.ActiveCfg = DebugL|Any CPU
		{2A1A0096-D057-4082-B004-F534953C7325}.DebugL|Any CPU.Build.0 = DebugL|Any CPU
	EndGlobalSection
	GlobalSection(NestedProjects) = preSolution
		{06D95C80-94E4-45AC-BC86-20B5BF45F088} = {17917DA5-69F6-4BA1-A53F-12F21BA00024}
	EndGlobalSection
EndGlobal
